// !$*UTF8*$!
{
	archiveVersion = 1;
	classes = {
	};
	objectVersion = 55;
	objects = {

/* Begin PBXBuildFile section */
		99523FB0A5F34568355DD74E /* Pods_MarvelTestTask.framework in Frameworks */ = {isa = PBXBuildFile; fileRef = E9DFDC2CC3B3B025D9C04848 /* Pods_MarvelTestTask.framework */; };
		A575FBD928943A50006245F5 /* AppDelegate.swift in Sources */ = {isa = PBXBuildFile; fileRef = A575FBD828943A50006245F5 /* AppDelegate.swift */; };
		A575FBE228943A52006245F5 /* Assets.xcassets in Resources */ = {isa = PBXBuildFile; fileRef = A575FBE128943A52006245F5 /* Assets.xcassets */; };
		A575FBE528943A52006245F5 /* LaunchScreen.storyboard in Resources */ = {isa = PBXBuildFile; fileRef = A575FBE328943A52006245F5 /* LaunchScreen.storyboard */; };
		A575FBF428943DF1006245F5 /* CharactersViewController.swift in Sources */ = {isa = PBXBuildFile; fileRef = A575FBF328943DF1006245F5 /* CharactersViewController.swift */; };
		A575FBFA289458F1006245F5 /* CharactersView.swift in Sources */ = {isa = PBXBuildFile; fileRef = A575FBF9289458F1006245F5 /* CharactersView.swift */; };
		A575FBFC28946020006245F5 /* CustomCollectionViewCell.swift in Sources */ = {isa = PBXBuildFile; fileRef = A575FBFB28946020006245F5 /* CustomCollectionViewCell.swift */; };
		A575FC02289475F4006245F5 /* DetailCharacterViewController.swift in Sources */ = {isa = PBXBuildFile; fileRef = A575FC01289475F4006245F5 /* DetailCharacterViewController.swift */; };
		A575FC042894762C006245F5 /* DetailCharacterHeaderView.swift in Sources */ = {isa = PBXBuildFile; fileRef = A575FC032894762C006245F5 /* DetailCharacterHeaderView.swift */; };
		A575FC0628947792006245F5 /* ContentCollectionCell.swift in Sources */ = {isa = PBXBuildFile; fileRef = A575FC0528947792006245F5 /* ContentCollectionCell.swift */; };
		A575FC0C289703DD006245F5 /* CharactersPresenter.swift in Sources */ = {isa = PBXBuildFile; fileRef = A575FC0B289703DD006245F5 /* CharactersPresenter.swift */; };
		A575FC1528971CD3006245F5 /* UserSettings.swift in Sources */ = {isa = PBXBuildFile; fileRef = A575FC1428971CD3006245F5 /* UserSettings.swift */; };
		A575FC1728971E68006245F5 /* NetworkError.swift in Sources */ = {isa = PBXBuildFile; fileRef = A575FC1628971E67006245F5 /* NetworkError.swift */; };
		A575FC1928972206006245F5 /* NetworkService.swift in Sources */ = {isa = PBXBuildFile; fileRef = A575FC1828972206006245F5 /* NetworkService.swift */; };
		A575FC1C2897289D006245F5 /* URL extension.swift in Sources */ = {isa = PBXBuildFile; fileRef = A575FC1B2897289D006245F5 /* URL extension.swift */; };
		A575FC1F2897DCBA006245F5 /* AssemblyModule.swift in Sources */ = {isa = PBXBuildFile; fileRef = A575FC1E2897DCBA006245F5 /* AssemblyModule.swift */; };
		A575FC27289816C4006245F5 /* Kingfisher in Frameworks */ = {isa = PBXBuildFile; productRef = A575FC26289816C4006245F5 /* Kingfisher */; };
		A575FC29289816E1006245F5 /* UIImageView extension.swift in Sources */ = {isa = PBXBuildFile; fileRef = A575FC28289816E1006245F5 /* UIImageView extension.swift */; };
		A575FC2B28983612006245F5 /* DetailCharactersPresenter.swift in Sources */ = {isa = PBXBuildFile; fileRef = A575FC2A28983611006245F5 /* DetailCharactersPresenter.swift */; };
		A575FC3A28986321006245F5 /* MarvelInfo.swift in Sources */ = {isa = PBXBuildFile; fileRef = A575FC3928986321006245F5 /* MarvelInfo.swift */; };
		A575FC3E2898633C006245F5 /* Comics.swift in Sources */ = {isa = PBXBuildFile; fileRef = A575FC3D2898633C006245F5 /* Comics.swift */; };
		A575FC4228986350006245F5 /* Character.swift in Sources */ = {isa = PBXBuildFile; fileRef = A575FC4128986350006245F5 /* Character.swift */; };
		A575FC45289930AB006245F5 /* RouterModule.swift in Sources */ = {isa = PBXBuildFile; fileRef = A575FC44289930AB006245F5 /* RouterModule.swift */; };
		A5F61D6A2899D066005FE5CC /* AlertController extension.swift in Sources */ = {isa = PBXBuildFile; fileRef = A5F61D692899D066005FE5CC /* AlertController extension.swift */; };
		A5F61D6C289AF22E005FE5CC /* DetailCharacterCollectionView.swift in Sources */ = {isa = PBXBuildFile; fileRef = A5F61D6B289AF22E005FE5CC /* DetailCharacterCollectionView.swift */; };
		A5F61D6E289BE72B005FE5CC /* Characters.swift in Sources */ = {isa = PBXBuildFile; fileRef = A5F61D6D289BE72B005FE5CC /* Characters.swift */; };
/* End PBXBuildFile section */

/* Begin PBXFileReference section */
		5D680982A41589325D692A3D /* Pods-MarvelTestTask.release.xcconfig */ = {isa = PBXFileReference; includeInIndex = 1; lastKnownFileType = text.xcconfig; name = "Pods-MarvelTestTask.release.xcconfig"; path = "Target Support Files/Pods-MarvelTestTask/Pods-MarvelTestTask.release.xcconfig"; sourceTree = "<group>"; };
		A575FBD528943A50006245F5 /* MarvelTestTask.app */ = {isa = PBXFileReference; explicitFileType = wrapper.application; includeInIndex = 0; path = MarvelTestTask.app; sourceTree = BUILT_PRODUCTS_DIR; };
		A575FBD828943A50006245F5 /* AppDelegate.swift */ = {isa = PBXFileReference; lastKnownFileType = sourcecode.swift; path = AppDelegate.swift; sourceTree = "<group>"; };
		A575FBE128943A52006245F5 /* Assets.xcassets */ = {isa = PBXFileReference; lastKnownFileType = folder.assetcatalog; path = Assets.xcassets; sourceTree = "<group>"; };
		A575FBE428943A52006245F5 /* Base */ = {isa = PBXFileReference; lastKnownFileType = file.storyboard; name = Base; path = Base.lproj/LaunchScreen.storyboard; sourceTree = "<group>"; };
		A575FBE628943A52006245F5 /* Info.plist */ = {isa = PBXFileReference; lastKnownFileType = text.plist.xml; path = Info.plist; sourceTree = "<group>"; };
		A575FBF328943DF1006245F5 /* CharactersViewController.swift */ = {isa = PBXFileReference; lastKnownFileType = sourcecode.swift; path = CharactersViewController.swift; sourceTree = "<group>"; };
		A575FBF9289458F1006245F5 /* CharactersView.swift */ = {isa = PBXFileReference; lastKnownFileType = sourcecode.swift; path = CharactersView.swift; sourceTree = "<group>"; };
		A575FBFB28946020006245F5 /* CustomCollectionViewCell.swift */ = {isa = PBXFileReference; lastKnownFileType = sourcecode.swift; path = CustomCollectionViewCell.swift; sourceTree = "<group>"; };
		A575FC01289475F4006245F5 /* DetailCharacterViewController.swift */ = {isa = PBXFileReference; lastKnownFileType = sourcecode.swift; path = DetailCharacterViewController.swift; sourceTree = "<group>"; };
		A575FC032894762C006245F5 /* DetailCharacterHeaderView.swift */ = {isa = PBXFileReference; lastKnownFileType = sourcecode.swift; path = DetailCharacterHeaderView.swift; sourceTree = "<group>"; };
		A575FC0528947792006245F5 /* ContentCollectionCell.swift */ = {isa = PBXFileReference; lastKnownFileType = sourcecode.swift; path = ContentCollectionCell.swift; sourceTree = "<group>"; };
		A575FC0B289703DD006245F5 /* CharactersPresenter.swift */ = {isa = PBXFileReference; lastKnownFileType = sourcecode.swift; path = CharactersPresenter.swift; sourceTree = "<group>"; };
		A575FC1428971CD3006245F5 /* UserSettings.swift */ = {isa = PBXFileReference; lastKnownFileType = sourcecode.swift; path = UserSettings.swift; sourceTree = "<group>"; };
		A575FC1628971E67006245F5 /* NetworkError.swift */ = {isa = PBXFileReference; lastKnownFileType = sourcecode.swift; path = NetworkError.swift; sourceTree = "<group>"; };
		A575FC1828972206006245F5 /* NetworkService.swift */ = {isa = PBXFileReference; lastKnownFileType = sourcecode.swift; path = NetworkService.swift; sourceTree = "<group>"; };
		A575FC1B2897289D006245F5 /* URL extension.swift */ = {isa = PBXFileReference; lastKnownFileType = sourcecode.swift; path = "URL extension.swift"; sourceTree = "<group>"; };
		A575FC1E2897DCBA006245F5 /* AssemblyModule.swift */ = {isa = PBXFileReference; lastKnownFileType = sourcecode.swift; path = AssemblyModule.swift; sourceTree = "<group>"; };
		A575FC28289816E1006245F5 /* UIImageView extension.swift */ = {isa = PBXFileReference; lastKnownFileType = sourcecode.swift; path = "UIImageView extension.swift"; sourceTree = "<group>"; };
		A575FC2A28983611006245F5 /* DetailCharactersPresenter.swift */ = {isa = PBXFileReference; lastKnownFileType = sourcecode.swift; path = DetailCharactersPresenter.swift; sourceTree = "<group>"; };
		A575FC3928986321006245F5 /* MarvelInfo.swift */ = {isa = PBXFileReference; lastKnownFileType = sourcecode.swift; path = MarvelInfo.swift; sourceTree = "<group>"; };
		A575FC3D2898633C006245F5 /* Comics.swift */ = {isa = PBXFileReference; lastKnownFileType = sourcecode.swift; path = Comics.swift; sourceTree = "<group>"; };
		A575FC4128986350006245F5 /* Character.swift */ = {isa = PBXFileReference; lastKnownFileType = sourcecode.swift; path = Character.swift; sourceTree = "<group>"; };
		A575FC44289930AB006245F5 /* RouterModule.swift */ = {isa = PBXFileReference; lastKnownFileType = sourcecode.swift; path = RouterModule.swift; sourceTree = "<group>"; };
		A5F61D692899D066005FE5CC /* AlertController extension.swift */ = {isa = PBXFileReference; lastKnownFileType = sourcecode.swift; path = "AlertController extension.swift"; sourceTree = "<group>"; };
		A5F61D6B289AF22E005FE5CC /* DetailCharacterCollectionView.swift */ = {isa = PBXFileReference; lastKnownFileType = sourcecode.swift; path = DetailCharacterCollectionView.swift; sourceTree = "<group>"; };
		A5F61D6D289BE72B005FE5CC /* Characters.swift */ = {isa = PBXFileReference; lastKnownFileType = sourcecode.swift; path = Characters.swift; sourceTree = "<group>"; };
		DBF1352B06E4591C4E855AE4 /* Pods-MarvelTestTask.debug.xcconfig */ = {isa = PBXFileReference; includeInIndex = 1; lastKnownFileType = text.xcconfig; name = "Pods-MarvelTestTask.debug.xcconfig"; path = "Target Support Files/Pods-MarvelTestTask/Pods-MarvelTestTask.debug.xcconfig"; sourceTree = "<group>"; };
		E9DFDC2CC3B3B025D9C04848 /* Pods_MarvelTestTask.framework */ = {isa = PBXFileReference; explicitFileType = wrapper.framework; includeInIndex = 0; path = Pods_MarvelTestTask.framework; sourceTree = BUILT_PRODUCTS_DIR; };
/* End PBXFileReference section */

/* Begin PBXFrameworksBuildPhase section */
		A575FBD228943A50006245F5 /* Frameworks */ = {
			isa = PBXFrameworksBuildPhase;
			buildActionMask = 2147483647;
			files = (
				A575FC27289816C4006245F5 /* Kingfisher in Frameworks */,
				99523FB0A5F34568355DD74E /* Pods_MarvelTestTask.framework in Frameworks */,
			);
			runOnlyForDeploymentPostprocessing = 0;
		};
/* End PBXFrameworksBuildPhase section */

/* Begin PBXGroup section */
		134634C865A409DCBE50B962 /* Frameworks */ = {
			isa = PBXGroup;
			children = (
				E9DFDC2CC3B3B025D9C04848 /* Pods_MarvelTestTask.framework */,
			);
			name = Frameworks;
			sourceTree = "<group>";
		};
		3056F8F2C6320372E981FDFD /* Pods */ = {
			isa = PBXGroup;
			children = (
				DBF1352B06E4591C4E855AE4 /* Pods-MarvelTestTask.debug.xcconfig */,
				5D680982A41589325D692A3D /* Pods-MarvelTestTask.release.xcconfig */,
			);
			name = Pods;
			path = Pods;
			sourceTree = "<group>";
		};
		A575FBCC28943A50006245F5 = {
			isa = PBXGroup;
			children = (
				A575FBD728943A50006245F5 /* MarvelTestTask */,
				A575FBD628943A50006245F5 /* Products */,
				3056F8F2C6320372E981FDFD /* Pods */,
				134634C865A409DCBE50B962 /* Frameworks */,
			);
			sourceTree = "<group>";
		};
		A575FBD628943A50006245F5 /* Products */ = {
			isa = PBXGroup;
			children = (
				A575FBD528943A50006245F5 /* MarvelTestTask.app */,
			);
			name = Products;
			sourceTree = "<group>";
		};
		A575FBD728943A50006245F5 /* MarvelTestTask */ = {
			isa = PBXGroup;
			children = (
				A575FBEE28943B7B006245F5 /* Resources */,
				A575FBED28943B57006245F5 /* Sources */,
			);
			path = MarvelTestTask;
			sourceTree = "<group>";
		};
		A575FBEC28943B43006245F5 /* Configuration */ = {
			isa = PBXGroup;
			children = (
				A575FBE628943A52006245F5 /* Info.plist */,
			);
			path = Configuration;
			sourceTree = "<group>";
		};
		A575FBED28943B57006245F5 /* Sources */ = {
			isa = PBXGroup;
			children = (
				A575FC1A2897287D006245F5 /* Extensions */,
				A575FBF028943BDD006245F5 /* Application */,
				A575FC1D2897DC97006245F5 /* AssemblyModule */,
				A575FC4328992FDC006245F5 /* RouterModule */,
				A575FC0D2897061D006245F5 /* Networking */,
				A575FBF128943BFA006245F5 /* Scenes */,
			);
			path = Sources;
			sourceTree = "<group>";
		};
		A575FBEE28943B7B006245F5 /* Resources */ = {
			isa = PBXGroup;
			children = (
				A575FBEF28943B9C006245F5 /* Supporting files */,
				A575FBEC28943B43006245F5 /* Configuration */,
			);
			path = Resources;
			sourceTree = "<group>";
		};
		A575FBEF28943B9C006245F5 /* Supporting files */ = {
			isa = PBXGroup;
			children = (
				A575FBE128943A52006245F5 /* Assets.xcassets */,
				A575FBE328943A52006245F5 /* LaunchScreen.storyboard */,
			);
			name = "Supporting files";
			sourceTree = "<group>";
		};
		A575FBF028943BDD006245F5 /* Application */ = {
			isa = PBXGroup;
			children = (
				A575FBD828943A50006245F5 /* AppDelegate.swift */,
			);
			name = Application;
			sourceTree = "<group>";
		};
		A575FBF128943BFA006245F5 /* Scenes */ = {
			isa = PBXGroup;
			children = (
				A575FBF228943DB3006245F5 /* CharactersModule */,
				A575FBFD28947294006245F5 /* DetailCharacterModule */,
			);
			path = Scenes;
			sourceTree = "<group>";
		};
		A575FBF228943DB3006245F5 /* CharactersModule */ = {
			isa = PBXGroup;
			children = (
				A575FBF6289456F9006245F5 /* Presenter */,
				A575FBF5289456E7006245F5 /* Controller */,
				A575FBF728945790006245F5 /* Views */,
			);
			name = CharactersModule;
			sourceTree = "<group>";
		};
		A575FBF5289456E7006245F5 /* Controller */ = {
			isa = PBXGroup;
			children = (
				A575FBF328943DF1006245F5 /* CharactersViewController.swift */,
			);
			name = Controller;
			sourceTree = "<group>";
		};
		A575FBF6289456F9006245F5 /* Presenter */ = {
			isa = PBXGroup;
			children = (
				A575FC0B289703DD006245F5 /* CharactersPresenter.swift */,
			);
			path = Presenter;
			sourceTree = "<group>";
		};
		A575FBF728945790006245F5 /* Views */ = {
			isa = PBXGroup;
			children = (
				A575FBF82894579C006245F5 /* Cell */,
				A575FBF9289458F1006245F5 /* CharactersView.swift */,
			);
			path = Views;
			sourceTree = "<group>";
		};
		A575FBF82894579C006245F5 /* Cell */ = {
			isa = PBXGroup;
			children = (
				A575FBFB28946020006245F5 /* CustomCollectionViewCell.swift */,
			);
			name = Cell;
			path = ..;
			sourceTree = "<group>";
		};
		A575FBFD28947294006245F5 /* DetailCharacterModule */ = {
			isa = PBXGroup;
			children = (
				A575FBFF2894752E006245F5 /* Presenter */,
				A575FC0028947535006245F5 /* Controller */,
				A575FBFE28947529006245F5 /* Views */,
			);
			path = DetailCharacterModule;
			sourceTree = "<group>";
		};
		A575FBFE28947529006245F5 /* Views */ = {
			isa = PBXGroup;
			children = (
				A5F61D6B289AF22E005FE5CC /* DetailCharacterCollectionView.swift */,
				A575FC0528947792006245F5 /* ContentCollectionCell.swift */,
				A575FC032894762C006245F5 /* DetailCharacterHeaderView.swift */,
			);
			name = Views;
			sourceTree = "<group>";
		};
		A575FBFF2894752E006245F5 /* Presenter */ = {
			isa = PBXGroup;
			children = (
				A575FC2A28983611006245F5 /* DetailCharactersPresenter.swift */,
			);
			path = Presenter;
			sourceTree = "<group>";
		};
		A575FC0028947535006245F5 /* Controller */ = {
			isa = PBXGroup;
			children = (
				A575FC01289475F4006245F5 /* DetailCharacterViewController.swift */,
			);
			name = Controller;
			sourceTree = "<group>";
		};
		A575FC0D2897061D006245F5 /* Networking */ = {
			isa = PBXGroup;
			children = (
				A575FC382898630F006245F5 /* MarvelModel */,
				A575FC3528985ED6006245F5 /* Network */,
			);
			name = Networking;
			path = Scenes;
			sourceTree = "<group>";
		};
		A575FC1A2897287D006245F5 /* Extensions */ = {
			isa = PBXGroup;
			children = (
				A575FC1B2897289D006245F5 /* URL extension.swift */,
				A575FC28289816E1006245F5 /* UIImageView extension.swift */,
				A5F61D692899D066005FE5CC /* AlertController extension.swift */,
			);
			name = Extensions;
			sourceTree = "<group>";
		};
		A575FC1D2897DC97006245F5 /* AssemblyModule */ = {
			isa = PBXGroup;
			children = (
				A575FC1E2897DCBA006245F5 /* AssemblyModule.swift */,
			);
			path = AssemblyModule;
			sourceTree = "<group>";
		};
		A575FC3528985ED6006245F5 /* Network */ = {
			isa = PBXGroup;
			children = (
				A575FC1628971E67006245F5 /* NetworkError.swift */,
				A575FC1828972206006245F5 /* NetworkService.swift */,
				A575FC1428971CD3006245F5 /* UserSettings.swift */,
			);
			path = Network;
			sourceTree = "<group>";
		};
		A575FC382898630F006245F5 /* MarvelModel */ = {
			isa = PBXGroup;
			children = (
				A575FC3928986321006245F5 /* MarvelInfo.swift */,
				A5F61D6D289BE72B005FE5CC /* Characters.swift */,
				A575FC4128986350006245F5 /* Character.swift */,
				A575FC3D2898633C006245F5 /* Comics.swift */,
			);
			path = MarvelModel;
			sourceTree = "<group>";
		};
		A575FC4328992FDC006245F5 /* RouterModule */ = {
			isa = PBXGroup;
			children = (
				A575FC44289930AB006245F5 /* RouterModule.swift */,
			);
			path = RouterModule;
			sourceTree = "<group>";
		};
/* End PBXGroup section */

/* Begin PBXNativeTarget section */
		A575FBD428943A50006245F5 /* MarvelTestTask */ = {
			isa = PBXNativeTarget;
			buildConfigurationList = A575FBE928943A52006245F5 /* Build configuration list for PBXNativeTarget "MarvelTestTask" */;
			buildPhases = (
				74DC38128794E8C3EAB8A6F6 /* [CP] Check Pods Manifest.lock */,
				A575FBD128943A50006245F5 /* Sources */,
				A575FBD228943A50006245F5 /* Frameworks */,
				A575FBD328943A50006245F5 /* Resources */,
				77F5571A19587D0B263A3538 /* [CP] Embed Pods Frameworks */,
			);
			buildRules = (
			);
			dependencies = (
			);
			name = MarvelTestTask;
			packageProductDependencies = (
				A575FC26289816C4006245F5 /* Kingfisher */,
			);
			productName = MarvelTestTask;
			productReference = A575FBD528943A50006245F5 /* MarvelTestTask.app */;
			productType = "com.apple.product-type.application";
		};
/* End PBXNativeTarget section */

/* Begin PBXProject section */
		A575FBCD28943A50006245F5 /* Project object */ = {
			isa = PBXProject;
			attributes = {
				BuildIndependentTargetsInParallel = 1;
				LastSwiftUpdateCheck = 1340;
				LastUpgradeCheck = 1340;
				TargetAttributes = {
					A575FBD428943A50006245F5 = {
						CreatedOnToolsVersion = 13.4.1;
					};
				};
			};
			buildConfigurationList = A575FBD028943A50006245F5 /* Build configuration list for PBXProject "MarvelTestTask" */;
			compatibilityVersion = "Xcode 13.0";
			developmentRegion = en;
			hasScannedForEncodings = 0;
			knownRegions = (
				en,
				Base,
			);
			mainGroup = A575FBCC28943A50006245F5;
			packageReferences = (
				A575FC25289816C4006245F5 /* XCRemoteSwiftPackageReference "Kingfisher.git" */,
			);
			productRefGroup = A575FBD628943A50006245F5 /* Products */;
			projectDirPath = "";
			projectRoot = "";
			targets = (
				A575FBD428943A50006245F5 /* MarvelTestTask */,
			);
		};
/* End PBXProject section */

/* Begin PBXResourcesBuildPhase section */
		A575FBD328943A50006245F5 /* Resources */ = {
			isa = PBXResourcesBuildPhase;
			buildActionMask = 2147483647;
			files = (
				A575FBE528943A52006245F5 /* LaunchScreen.storyboard in Resources */,
				A575FBE228943A52006245F5 /* Assets.xcassets in Resources */,
			);
			runOnlyForDeploymentPostprocessing = 0;
		};
/* End PBXResourcesBuildPhase section */

/* Begin PBXShellScriptBuildPhase section */
		74DC38128794E8C3EAB8A6F6 /* [CP] Check Pods Manifest.lock */ = {
			isa = PBXShellScriptBuildPhase;
			buildActionMask = 2147483647;
			files = (
			);
			inputFileListPaths = (
			);
			inputPaths = (
				"${PODS_PODFILE_DIR_PATH}/Podfile.lock",
				"${PODS_ROOT}/Manifest.lock",
			);
			name = "[CP] Check Pods Manifest.lock";
			outputFileListPaths = (
			);
			outputPaths = (
				"$(DERIVED_FILE_DIR)/Pods-MarvelTestTask-checkManifestLockResult.txt",
			);
			runOnlyForDeploymentPostprocessing = 0;
			shellPath = /bin/sh;
			shellScript = "diff \"${PODS_PODFILE_DIR_PATH}/Podfile.lock\" \"${PODS_ROOT}/Manifest.lock\" > /dev/null\nif [ $? != 0 ] ; then\n    # print error to STDERR\n    echo \"error: The sandbox is not in sync with the Podfile.lock. Run 'pod install' or update your CocoaPods installation.\" >&2\n    exit 1\nfi\n# This output is used by Xcode 'outputs' to avoid re-running this script phase.\necho \"SUCCESS\" > \"${SCRIPT_OUTPUT_FILE_0}\"\n";
			showEnvVarsInLog = 0;
		};
		77F5571A19587D0B263A3538 /* [CP] Embed Pods Frameworks */ = {
			isa = PBXShellScriptBuildPhase;
			buildActionMask = 2147483647;
			files = (
			);
			inputFileListPaths = (
				"${PODS_ROOT}/Target Support Files/Pods-MarvelTestTask/Pods-MarvelTestTask-frameworks-${CONFIGURATION}-input-files.xcfilelist",
			);
			name = "[CP] Embed Pods Frameworks";
			outputFileListPaths = (
				"${PODS_ROOT}/Target Support Files/Pods-MarvelTestTask/Pods-MarvelTestTask-frameworks-${CONFIGURATION}-output-files.xcfilelist",
			);
			runOnlyForDeploymentPostprocessing = 0;
			shellPath = /bin/sh;
			shellScript = "\"${PODS_ROOT}/Target Support Files/Pods-MarvelTestTask/Pods-MarvelTestTask-frameworks.sh\"\n";
			showEnvVarsInLog = 0;
		};
/* End PBXShellScriptBuildPhase section */

/* Begin PBXSourcesBuildPhase section */
		A575FBD128943A50006245F5 /* Sources */ = {
			isa = PBXSourcesBuildPhase;
			buildActionMask = 2147483647;
			files = (
				A5F61D6C289AF22E005FE5CC /* DetailCharacterCollectionView.swift in Sources */,
				A575FBF428943DF1006245F5 /* CharactersViewController.swift in Sources */,
				A575FC1528971CD3006245F5 /* UserSettings.swift in Sources */,
				A5F61D6E289BE72B005FE5CC /* Characters.swift in Sources */,
				A575FC02289475F4006245F5 /* DetailCharacterViewController.swift in Sources */,
				A575FC042894762C006245F5 /* DetailCharacterHeaderView.swift in Sources */,
				A575FC29289816E1006245F5 /* UIImageView extension.swift in Sources */,
				A575FC3E2898633C006245F5 /* Comics.swift in Sources */,
				A575FC1928972206006245F5 /* NetworkService.swift in Sources */,
				A575FC3A28986321006245F5 /* MarvelInfo.swift in Sources */,
				A575FC0628947792006245F5 /* ContentCollectionCell.swift in Sources */,
				A5F61D6A2899D066005FE5CC /* AlertController extension.swift in Sources */,
				A575FBD928943A50006245F5 /* AppDelegate.swift in Sources */,
				A575FC45289930AB006245F5 /* RouterModule.swift in Sources */,
				A575FC0C289703DD006245F5 /* CharactersPresenter.swift in Sources */,
				A575FBFA289458F1006245F5 /* CharactersView.swift in Sources */,
				A575FC4228986350006245F5 /* Character.swift in Sources */,
				A575FC1F2897DCBA006245F5 /* AssemblyModule.swift in Sources */,
				A575FC1C2897289D006245F5 /* URL extension.swift in Sources */,
				A575FC1728971E68006245F5 /* NetworkError.swift in Sources */,
				A575FBFC28946020006245F5 /* CustomCollectionViewCell.swift in Sources */,
				A575FC2B28983612006245F5 /* DetailCharactersPresenter.swift in Sources */,
			);
			runOnlyForDeploymentPostprocessing = 0;
		};
/* End PBXSourcesBuildPhase section */

/* Begin PBXVariantGroup section */
		A575FBE328943A52006245F5 /* LaunchScreen.storyboard */ = {
			isa = PBXVariantGroup;
			children = (
				A575FBE428943A52006245F5 /* Base */,
			);
			name = LaunchScreen.storyboard;
			sourceTree = "<group>";
		};
/* End PBXVariantGroup section */

/* Begin XCBuildConfiguration section */
		A575FBE728943A52006245F5 /* Debug */ = {
			isa = XCBuildConfiguration;
			buildSettings = {
				ALWAYS_SEARCH_USER_PATHS = NO;
				CLANG_ANALYZER_NONNULL = YES;
				CLANG_ANALYZER_NUMBER_OBJECT_CONVERSION = YES_AGGRESSIVE;
				CLANG_CXX_LANGUAGE_STANDARD = "gnu++17";
				CLANG_ENABLE_MODULES = YES;
				CLANG_ENABLE_OBJC_ARC = YES;
				CLANG_ENABLE_OBJC_WEAK = YES;
				CLANG_WARN_BLOCK_CAPTURE_AUTORELEASING = YES;
				CLANG_WARN_BOOL_CONVERSION = YES;
				CLANG_WARN_COMMA = YES;
				CLANG_WARN_CONSTANT_CONVERSION = YES;
				CLANG_WARN_DEPRECATED_OBJC_IMPLEMENTATIONS = YES;
				CLANG_WARN_DIRECT_OBJC_ISA_USAGE = YES_ERROR;
				CLANG_WARN_DOCUMENTATION_COMMENTS = YES;
				CLANG_WARN_EMPTY_BODY = YES;
				CLANG_WARN_ENUM_CONVERSION = YES;
				CLANG_WARN_INFINITE_RECURSION = YES;
				CLANG_WARN_INT_CONVERSION = YES;
				CLANG_WARN_NON_LITERAL_NULL_CONVERSION = YES;
				CLANG_WARN_OBJC_IMPLICIT_RETAIN_SELF = YES;
				CLANG_WARN_OBJC_LITERAL_CONVERSION = YES;
				CLANG_WARN_OBJC_ROOT_CLASS = YES_ERROR;
				CLANG_WARN_QUOTED_INCLUDE_IN_FRAMEWORK_HEADER = YES;
				CLANG_WARN_RANGE_LOOP_ANALYSIS = YES;
				CLANG_WARN_STRICT_PROTOTYPES = YES;
				CLANG_WARN_SUSPICIOUS_MOVE = YES;
				CLANG_WARN_UNGUARDED_AVAILABILITY = YES_AGGRESSIVE;
				CLANG_WARN_UNREACHABLE_CODE = YES;
				CLANG_WARN__DUPLICATE_METHOD_MATCH = YES;
				COPY_PHASE_STRIP = NO;
				DEBUG_INFORMATION_FORMAT = dwarf;
				ENABLE_STRICT_OBJC_MSGSEND = YES;
				ENABLE_TESTABILITY = YES;
				GCC_C_LANGUAGE_STANDARD = gnu11;
				GCC_DYNAMIC_NO_PIC = NO;
				GCC_NO_COMMON_BLOCKS = YES;
				GCC_OPTIMIZATION_LEVEL = 0;
				GCC_PREPROCESSOR_DEFINITIONS = (
					"DEBUG=1",
					"$(inherited)",
				);
				GCC_WARN_64_TO_32_BIT_CONVERSION = YES;
				GCC_WARN_ABOUT_RETURN_TYPE = YES_ERROR;
				GCC_WARN_UNDECLARED_SELECTOR = YES;
				GCC_WARN_UNINITIALIZED_AUTOS = YES_AGGRESSIVE;
				GCC_WARN_UNUSED_FUNCTION = YES;
				GCC_WARN_UNUSED_VARIABLE = YES;
				IPHONEOS_DEPLOYMENT_TARGET = 15.5;
				MTL_ENABLE_DEBUG_INFO = INCLUDE_SOURCE;
				MTL_FAST_MATH = YES;
				ONLY_ACTIVE_ARCH = YES;
				SDKROOT = iphoneos;
				SWIFT_ACTIVE_COMPILATION_CONDITIONS = DEBUG;
				SWIFT_OPTIMIZATION_LEVEL = "-Onone";
			};
			name = Debug;
		};
		A575FBE828943A52006245F5 /* Release */ = {
			isa = XCBuildConfiguration;
			buildSettings = {
				ALWAYS_SEARCH_USER_PATHS = NO;
				CLANG_ANALYZER_NONNULL = YES;
				CLANG_ANALYZER_NUMBER_OBJECT_CONVERSION = YES_AGGRESSIVE;
				CLANG_CXX_LANGUAGE_STANDARD = "gnu++17";
				CLANG_ENABLE_MODULES = YES;
				CLANG_ENABLE_OBJC_ARC = YES;
				CLANG_ENABLE_OBJC_WEAK = YES;
				CLANG_WARN_BLOCK_CAPTURE_AUTORELEASING = YES;
				CLANG_WARN_BOOL_CONVERSION = YES;
				CLANG_WARN_COMMA = YES;
				CLANG_WARN_CONSTANT_CONVERSION = YES;
				CLANG_WARN_DEPRECATED_OBJC_IMPLEMENTATIONS = YES;
				CLANG_WARN_DIRECT_OBJC_ISA_USAGE = YES_ERROR;
				CLANG_WARN_DOCUMENTATION_COMMENTS = YES;
				CLANG_WARN_EMPTY_BODY = YES;
				CLANG_WARN_ENUM_CONVERSION = YES;
				CLANG_WARN_INFINITE_RECURSION = YES;
				CLANG_WARN_INT_CONVERSION = YES;
				CLANG_WARN_NON_LITERAL_NULL_CONVERSION = YES;
				CLANG_WARN_OBJC_IMPLICIT_RETAIN_SELF = YES;
				CLANG_WARN_OBJC_LITERAL_CONVERSION = YES;
				CLANG_WARN_OBJC_ROOT_CLASS = YES_ERROR;
				CLANG_WARN_QUOTED_INCLUDE_IN_FRAMEWORK_HEADER = YES;
				CLANG_WARN_RANGE_LOOP_ANALYSIS = YES;
				CLANG_WARN_STRICT_PROTOTYPES = YES;
				CLANG_WARN_SUSPICIOUS_MOVE = YES;
				CLANG_WARN_UNGUARDED_AVAILABILITY = YES_AGGRESSIVE;
				CLANG_WARN_UNREACHABLE_CODE = YES;
				CLANG_WARN__DUPLICATE_METHOD_MATCH = YES;
				COPY_PHASE_STRIP = NO;
				DEBUG_INFORMATION_FORMAT = "dwarf-with-dsym";
				ENABLE_NS_ASSERTIONS = NO;
				ENABLE_STRICT_OBJC_MSGSEND = YES;
				GCC_C_LANGUAGE_STANDARD = gnu11;
				GCC_NO_COMMON_BLOCKS = YES;
				GCC_WARN_64_TO_32_BIT_CONVERSION = YES;
				GCC_WARN_ABOUT_RETURN_TYPE = YES_ERROR;
				GCC_WARN_UNDECLARED_SELECTOR = YES;
				GCC_WARN_UNINITIALIZED_AUTOS = YES_AGGRESSIVE;
				GCC_WARN_UNUSED_FUNCTION = YES;
				GCC_WARN_UNUSED_VARIABLE = YES;
				IPHONEOS_DEPLOYMENT_TARGET = 15.5;
				MTL_ENABLE_DEBUG_INFO = NO;
				MTL_FAST_MATH = YES;
				SDKROOT = iphoneos;
				SWIFT_COMPILATION_MODE = wholemodule;
				SWIFT_OPTIMIZATION_LEVEL = "-O";
				VALIDATE_PRODUCT = YES;
			};
			name = Release;
		};
		A575FBEA28943A52006245F5 /* Debug */ = {
			isa = XCBuildConfiguration;
			baseConfigurationReference = DBF1352B06E4591C4E855AE4 /* Pods-MarvelTestTask.debug.xcconfig */;
			buildSettings = {
				ASSETCATALOG_COMPILER_APPICON_NAME = AppIcon;
				ASSETCATALOG_COMPILER_GLOBAL_ACCENT_COLOR_NAME = AccentColor;
				CODE_SIGN_STYLE = Automatic;
				CURRENT_PROJECT_VERSION = 1;
				GENERATE_INFOPLIST_FILE = YES;
				INFOPLIST_FILE = MarvelTestTask/Resources/Configuration/Info.plist;
				INFOPLIST_KEY_UIApplicationSupportsIndirectInputEvents = YES;
				INFOPLIST_KEY_UILaunchStoryboardName = LaunchScreen;
				INFOPLIST_KEY_UISupportedInterfaceOrientations_iPad = "UIInterfaceOrientationPortrait UIInterfaceOrientationPortraitUpsideDown UIInterfaceOrientationLandscapeLeft UIInterfaceOrientationLandscapeRight";
				INFOPLIST_KEY_UISupportedInterfaceOrientations_iPhone = "UIInterfaceOrientationPortrait UIInterfaceOrientationLandscapeLeft UIInterfaceOrientationLandscapeRight";
				LD_RUNPATH_SEARCH_PATHS = (
					"$(inherited)",
					"@executable_path/Frameworks",
				);
				MARKETING_VERSION = 1.0;
				PRODUCT_BUNDLE_IDENTIFIER = com.my.MarvelTestTask;
				PRODUCT_NAME = "$(TARGET_NAME)";
				SWIFT_EMIT_LOC_STRINGS = YES;
				SWIFT_VERSION = 5.0;
				TARGETED_DEVICE_FAMILY = 1;
			};
			name = Debug;
		};
		A575FBEB28943A52006245F5 /* Release */ = {
			isa = XCBuildConfiguration;
			baseConfigurationReference = 5D680982A41589325D692A3D /* Pods-MarvelTestTask.release.xcconfig */;
			buildSettings = {
				ASSETCATALOG_COMPILER_APPICON_NAME = AppIcon;
				ASSETCATALOG_COMPILER_GLOBAL_ACCENT_COLOR_NAME = AccentColor;
				CODE_SIGN_STYLE = Automatic;
				CURRENT_PROJECT_VERSION = 1;
				GENERATE_INFOPLIST_FILE = YES;
				INFOPLIST_FILE = MarvelTestTask/Resources/Configuration/Info.plist;
				INFOPLIST_KEY_UIApplicationSupportsIndirectInputEvents = YES;
				INFOPLIST_KEY_UILaunchStoryboardName = LaunchScreen;
				INFOPLIST_KEY_UISupportedInterfaceOrientations_iPad = "UIInterfaceOrientationPortrait UIInterfaceOrientationPortraitUpsideDown UIInterfaceOrientationLandscapeLeft UIInterfaceOrientationLandscapeRight";
				INFOPLIST_KEY_UISupportedInterfaceOrientations_iPhone = "UIInterfaceOrientationPortrait UIInterfaceOrientationLandscapeLeft UIInterfaceOrientationLandscapeRight";
				LD_RUNPATH_SEARCH_PATHS = (
					"$(inherited)",
					"@executable_path/Frameworks",
				);
				MARKETING_VERSION = 1.0;
				PRODUCT_BUNDLE_IDENTIFIER = com.my.MarvelTestTask;
				PRODUCT_NAME = "$(TARGET_NAME)";
				SWIFT_EMIT_LOC_STRINGS = YES;
				SWIFT_VERSION = 5.0;
				TARGETED_DEVICE_FAMILY = 1;
			};
			name = Release;
		};
/* End XCBuildConfiguration section */

/* Begin XCConfigurationList section */
		A575FBD028943A50006245F5 /* Build configuration list for PBXProject "MarvelTestTask" */ = {
			isa = XCConfigurationList;
			buildConfigurations = (
				A575FBE728943A52006245F5 /* Debug */,
				A575FBE828943A52006245F5 /* Release */,
			);
			defaultConfigurationIsVisible = 0;
			defaultConfigurationName = Release;
		};
		A575FBE928943A52006245F5 /* Build configuration list for PBXNativeTarget "MarvelTestTask" */ = {
			isa = XCConfigurationList;
			buildConfigurations = (
				A575FBEA28943A52006245F5 /* Debug */,
				A575FBEB28943A52006245F5 /* Release */,
			);
			defaultConfigurationIsVisible = 0;
			defaultConfigurationName = Release;
		};
/* End XCConfigurationList section */

/* Begin XCRemoteSwiftPackageReference section */
		A575FC25289816C4006245F5 /* XCRemoteSwiftPackageReference "Kingfisher.git" */ = {
			isa = XCRemoteSwiftPackageReference;
			repositoryURL = "https://github.com/onevcat/Kingfisher.git";
			requirement = {
				kind = upToNextMajorVersion;
				minimumVersion = 7.0.0;
			};
		};
/* End XCRemoteSwiftPackageReference section */

/* Begin XCSwiftPackageProductDependency section */
		A575FC26289816C4006245F5 /* Kingfisher */ = {
			isa = XCSwiftPackageProductDependency;
			package = A575FC25289816C4006245F5 /* XCRemoteSwiftPackageReference "Kingfisher.git" */;
			productName = Kingfisher;
		};
/* End XCSwiftPackageProductDependency section */
	};
	rootObject = A575FBCD28943A50006245F5 /* Project object */;
}
